
Microsoft Visual Studio Solution File, Format Version 12.00
# Visual Studio Version 17
VisualStudioVersion = 17.6.33801.468
MinimumVisualStudioVersion = 10.0.40219.1
Project("{9A19103F-16F7-4668-BE54-9A1E7A4F7556}") = "Restaurant.API", "Restaurant.API\Restaurant.API.csproj", "{D421CF07-EC06-4C3D-9110-3616C211CD05}"
EndProject
Project("{9A19103F-16F7-4668-BE54-9A1E7A4F7556}") = "Restaurant.Infrastucture", "Restaurant.Infrastucture\Restaurant.Infrastucture.csproj", "{7E867FC2-A753-4FE4-B2FC-EF160B2CB838}"
EndProject
Project("{FAE04EC0-301F-11D3-BF4B-00C04F79EFBC}") = "Restaurant.Core", "Restaurant.Core\Restaurant.Core.csproj", "{74E2EBA7-0B1B-49C5-8B06-29C8992CE4E2}"
EndProject
Global
	GlobalSection(SolutionConfigurationPlatforms) = preSolution
		Debug|Any CPU = Debug|Any CPU
		Release|Any CPU = Release|Any CPU
	EndGlobalSection
	GlobalSection(ProjectConfigurationPlatforms) = postSolution
		{D421CF07-EC06-4C3D-9110-3616C211CD05}.Debug|Any CPU.ActiveCfg = Debug|Any CPU
		{D421CF07-EC06-4C3D-9110-3616C211CD05}.Debug|Any CPU.Build.0 = Debug|Any CPU
		{D421CF07-EC06-4C3D-9110-3616C211CD05}.Release|Any CPU.ActiveCfg = Release|Any CPU
		{D421CF07-EC06-4C3D-9110-3616C211CD05}.Release|Any CPU.Build.0 = Release|Any CPU
		{7E867FC2-A753-4FE4-B2FC-EF160B2CB838}.Debug|Any CPU.ActiveCfg = Debug|Any CPU
		{7E867FC2-A753-4FE4-B2FC-EF160B2CB838}.Debug|Any CPU.Build.0 = Debug|Any CPU
		{7E867FC2-A753-4FE4-B2FC-EF160B2CB838}.Release|Any CPU.ActiveCfg = Release|Any CPU
		{7E867FC2-A753-4FE4-B2FC-EF160B2CB838}.Release|Any CPU.Build.0 = Release|Any CPU
		{74E2EBA7-0B1B-49C5-8B06-29C8992CE4E2}.Debug|Any CPU.ActiveCfg = Debug|Any CPU
		{74E2EBA7-0B1B-49C5-8B06-29C8992CE4E2}.Debug|Any CPU.Build.0 = Debug|Any CPU
		{74E2EBA7-0B1B-49C5-8B06-29C8992CE4E2}.Release|Any CPU.ActiveCfg = Release|Any CPU
		{74E2EBA7-0B1B-49C5-8B06-29C8992CE4E2}.Release|Any CPU.Build.0 = Release|Any CPU
	EndGlobalSection
	GlobalSection(SolutionProperties) = preSolution
		HideSolutionNode = FALSE
	EndGlobalSection
	GlobalSection(ExtensibilityGlobals) = postSolution
		SolutionGuid = {CF1C05E0-C385-49CC-B8E4-F0DC4CD13BFC}
	EndGlobalSection
EndGlobal
